
Microsoft Visual Studio Solution File, Format Version 12.00
# Visual Studio 15
VisualStudioVersion = 15.0.28307.645
MinimumVisualStudioVersion = 10.0.40219.1
Project("{FAE04EC0-301F-11D3-BF4B-00C04F79EFBC}") = "WpfApp1", "WpfApp1\WpfApp1.csproj", "{4DAA8AC8-C35C-40E8-8E37-AD8890E3E485}"
EndProject
Global
	GlobalSection(SolutionConfigurationPlatforms) = preSolution
		Debug|Any CPU = Debug|Any CPU
		Release|Any CPU = Release|Any CPU
	EndGlobalSection
	GlobalSection(ProjectConfigurationPlatforms) = postSolution
		{4DAA8AC8-C35C-40E8-8E37-AD8890E3E485}.Debug|Any CPU.ActiveCfg = Debug|Any CPU
		{4DAA8AC8-C35C-40E8-8E37-AD8890E3E485}.Debug|Any CPU.Build.0 = Debug|Any CPU
		{4DAA8AC8-C35C-40E8-8E37-AD8890E3E485}.Release|Any CPU.ActiveCfg = Release|Any CPU
		{4DAA8AC8-C35C-40E8-8E37-AD8890E3E485}.Release|Any CPU.Build.0 = Release|Any CPU
	EndGlobalSection
	GlobalSection(SolutionProperties) = preSolution
		HideSolutionNode = FALSE
	EndGlobalSection
	GlobalSection(ExtensibilityGlobals) = postSolution
		SolutionGuid = {CA85584A-E05E-4C3F-9B69-0918338F976A}
	EndGlobalSection
EndGlobal
